// !$*UTF8*$!
{
	archiveVersion = 1;
	classes = {
	};
	objectVersion = 56;
	objects = {

/* Begin PBXBuildFile section */
		789DA5772A57EDD6008D742D /* GetHero.graphql in Resources */ = {isa = PBXBuildFile; fileRef = 789DA5762A57EDD6008D742D /* GetHero.graphql */; };
		789DA5902A57EE9C008D742D /* Apollo in Frameworks */ = {isa = PBXBuildFile; productRef = 789DA58F2A57EE9C008D742D /* Apollo */; };
		789DA59E2A57F0C3008D742D /* ApolloCacheGQL.graphql.swift in Sources */ = {isa = PBXBuildFile; fileRef = 789DA5912A57F0C3008D742D /* ApolloCacheGQL.graphql.swift */; };
		789DA59F2A57F0C3008D742D /* ChildrenFragment.graphql.swift in Sources */ = {isa = PBXBuildFile; fileRef = 789DA5932A57F0C3008D742D /* ChildrenFragment.graphql.swift */; };
		789DA5A02A57F0C3008D742D /* GetHeroQuery.graphql.swift in Sources */ = {isa = PBXBuildFile; fileRef = 789DA5962A57F0C3008D742D /* GetHeroQuery.graphql.swift */; };
		789DA5A12A57F0C3008D742D /* Hero.graphql.swift in Sources */ = {isa = PBXBuildFile; fileRef = 789DA5992A57F0C3008D742D /* Hero.graphql.swift */; };
		789DA5A22A57F0C3008D742D /* Child.graphql.swift in Sources */ = {isa = PBXBuildFile; fileRef = 789DA59A2A57F0C3008D742D /* Child.graphql.swift */; };
		789DA5A32A57F0C3008D742D /* Query.graphql.swift in Sources */ = {isa = PBXBuildFile; fileRef = 789DA59B2A57F0C3008D742D /* Query.graphql.swift */; };
		789DA5A42A57F0C3008D742D /* SchemaConfiguration.swift in Sources */ = {isa = PBXBuildFile; fileRef = 789DA59C2A57F0C3008D742D /* SchemaConfiguration.swift */; };
		789DA5A52A57F0C3008D742D /* SchemaMetadata.graphql.swift in Sources */ = {isa = PBXBuildFile; fileRef = 789DA59D2A57F0C3008D742D /* SchemaMetadata.graphql.swift */; };
		78D9BDF92A57E0A8007A55B0 /* ApolloCacheTestApp.swift in Sources */ = {isa = PBXBuildFile; fileRef = 78D9BDF82A57E0A8007A55B0 /* ApolloCacheTestApp.swift */; };
		78D9BDFB2A57E0A8007A55B0 /* ContentView.swift in Sources */ = {isa = PBXBuildFile; fileRef = 78D9BDFA2A57E0A8007A55B0 /* ContentView.swift */; };
		78D9BDFD2A57E0AE007A55B0 /* Assets.xcassets in Resources */ = {isa = PBXBuildFile; fileRef = 78D9BDFC2A57E0AE007A55B0 /* Assets.xcassets */; };
		78D9BE002A57E0AE007A55B0 /* Preview Assets.xcassets in Resources */ = {isa = PBXBuildFile; fileRef = 78D9BDFF2A57E0AE007A55B0 /* Preview Assets.xcassets */; };
		78D9BE0A2A57E0AE007A55B0 /* ApolloCacheTestTests.swift in Sources */ = {isa = PBXBuildFile; fileRef = 78D9BE092A57E0AE007A55B0 /* ApolloCacheTestTests.swift */; };
		78D9BE142A57E0AE007A55B0 /* ApolloCacheTestUITests.swift in Sources */ = {isa = PBXBuildFile; fileRef = 78D9BE132A57E0AE007A55B0 /* ApolloCacheTestUITests.swift */; };
		78D9BE162A57E0AE007A55B0 /* ApolloCacheTestUITestsLaunchTests.swift in Sources */ = {isa = PBXBuildFile; fileRef = 78D9BE152A57E0AE007A55B0 /* ApolloCacheTestUITestsLaunchTests.swift */; };
/* End PBXBuildFile section */

/* Begin PBXContainerItemProxy section */
		78D9BE062A57E0AE007A55B0 /* PBXContainerItemProxy */ = {
			isa = PBXContainerItemProxy;
			containerPortal = 78D9BDED2A57E0A8007A55B0 /* Project object */;
			proxyType = 1;
			remoteGlobalIDString = 78D9BDF42A57E0A8007A55B0;
			remoteInfo = ApolloCacheTest;
		};
		78D9BE102A57E0AE007A55B0 /* PBXContainerItemProxy */ = {
			isa = PBXContainerItemProxy;
			containerPortal = 78D9BDED2A57E0A8007A55B0 /* Project object */;
			proxyType = 1;
			remoteGlobalIDString = 78D9BDF42A57E0A8007A55B0;
			remoteInfo = ApolloCacheTest;
		};
/* End PBXContainerItemProxy section */

/* Begin PBXFileReference section */
		789DA5762A57EDD6008D742D /* GetHero.graphql */ = {isa = PBXFileReference; lastKnownFileType = text; path = GetHero.graphql; sourceTree = "<group>"; };
		789DA5912A57F0C3008D742D /* ApolloCacheGQL.graphql.swift */ = {isa = PBXFileReference; fileEncoding = 4; lastKnownFileType = sourcecode.swift; path = ApolloCacheGQL.graphql.swift; sourceTree = "<group>"; };
		789DA5932A57F0C3008D742D /* ChildrenFragment.graphql.swift */ = {isa = PBXFileReference; fileEncoding = 4; lastKnownFileType = sourcecode.swift; path = ChildrenFragment.graphql.swift; sourceTree = "<group>"; };
		789DA5962A57F0C3008D742D /* GetHeroQuery.graphql.swift */ = {isa = PBXFileReference; fileEncoding = 4; lastKnownFileType = sourcecode.swift; path = GetHeroQuery.graphql.swift; sourceTree = "<group>"; };
		789DA5992A57F0C3008D742D /* Hero.graphql.swift */ = {isa = PBXFileReference; fileEncoding = 4; lastKnownFileType = sourcecode.swift; path = Hero.graphql.swift; sourceTree = "<group>"; };
		789DA59A2A57F0C3008D742D /* Child.graphql.swift */ = {isa = PBXFileReference; fileEncoding = 4; lastKnownFileType = sourcecode.swift; path = Child.graphql.swift; sourceTree = "<group>"; };
		789DA59B2A57F0C3008D742D /* Query.graphql.swift */ = {isa = PBXFileReference; fileEncoding = 4; lastKnownFileType = sourcecode.swift; path = Query.graphql.swift; sourceTree = "<group>"; };
		789DA59C2A57F0C3008D742D /* SchemaConfiguration.swift */ = {isa = PBXFileReference; fileEncoding = 4; lastKnownFileType = sourcecode.swift; path = SchemaConfiguration.swift; sourceTree = "<group>"; };
		789DA59D2A57F0C3008D742D /* SchemaMetadata.graphql.swift */ = {isa = PBXFileReference; fileEncoding = 4; lastKnownFileType = sourcecode.swift; path = SchemaMetadata.graphql.swift; sourceTree = "<group>"; };
		78D9BDF52A57E0A8007A55B0 /* ApolloCacheTest.app */ = {isa = PBXFileReference; explicitFileType = wrapper.application; includeInIndex = 0; path = ApolloCacheTest.app; sourceTree = BUILT_PRODUCTS_DIR; };
		78D9BDF82A57E0A8007A55B0 /* ApolloCacheTestApp.swift */ = {isa = PBXFileReference; lastKnownFileType = sourcecode.swift; path = ApolloCacheTestApp.swift; sourceTree = "<group>"; };
		78D9BDFA2A57E0A8007A55B0 /* ContentView.swift */ = {isa = PBXFileReference; lastKnownFileType = sourcecode.swift; path = ContentView.swift; sourceTree = "<group>"; };
		78D9BDFC2A57E0AE007A55B0 /* Assets.xcassets */ = {isa = PBXFileReference; lastKnownFileType = folder.assetcatalog; path = Assets.xcassets; sourceTree = "<group>"; };
		78D9BDFF2A57E0AE007A55B0 /* Preview Assets.xcassets */ = {isa = PBXFileReference; lastKnownFileType = folder.assetcatalog; path = "Preview Assets.xcassets"; sourceTree = "<group>"; };
		78D9BE052A57E0AE007A55B0 /* ApolloCacheTestTests.xctest */ = {isa = PBXFileReference; explicitFileType = wrapper.cfbundle; includeInIndex = 0; path = ApolloCacheTestTests.xctest; sourceTree = BUILT_PRODUCTS_DIR; };
		78D9BE092A57E0AE007A55B0 /* ApolloCacheTestTests.swift */ = {isa = PBXFileReference; lastKnownFileType = sourcecode.swift; path = ApolloCacheTestTests.swift; sourceTree = "<group>"; };
		78D9BE0F2A57E0AE007A55B0 /* ApolloCacheTestUITests.xctest */ = {isa = PBXFileReference; explicitFileType = wrapper.cfbundle; includeInIndex = 0; path = ApolloCacheTestUITests.xctest; sourceTree = BUILT_PRODUCTS_DIR; };
		78D9BE132A57E0AE007A55B0 /* ApolloCacheTestUITests.swift */ = {isa = PBXFileReference; lastKnownFileType = sourcecode.swift; path = ApolloCacheTestUITests.swift; sourceTree = "<group>"; };
		78D9BE152A57E0AE007A55B0 /* ApolloCacheTestUITestsLaunchTests.swift */ = {isa = PBXFileReference; lastKnownFileType = sourcecode.swift; path = ApolloCacheTestUITestsLaunchTests.swift; sourceTree = "<group>"; };
/* End PBXFileReference section */

/* Begin PBXFrameworksBuildPhase section */
		78D9BDF22A57E0A8007A55B0 /* Frameworks */ = {
			isa = PBXFrameworksBuildPhase;
			buildActionMask = 2147483647;
			files = (
				789DA5902A57EE9C008D742D /* Apollo in Frameworks */,
			);
			runOnlyForDeploymentPostprocessing = 0;
		};
		78D9BE022A57E0AE007A55B0 /* Frameworks */ = {
			isa = PBXFrameworksBuildPhase;
			buildActionMask = 2147483647;
			files = (
			);
			runOnlyForDeploymentPostprocessing = 0;
		};
		78D9BE0C2A57E0AE007A55B0 /* Frameworks */ = {
			isa = PBXFrameworksBuildPhase;
			buildActionMask = 2147483647;
			files = (
			);
			runOnlyForDeploymentPostprocessing = 0;
		};
/* End PBXFrameworksBuildPhase section */

/* Begin PBXGroup section */
		789DA5782A57EE60008D742D /* ApolloCacheGQL */ = {
			isa = PBXGroup;
			children = (
				789DA5912A57F0C3008D742D /* ApolloCacheGQL.graphql.swift */,
				789DA5922A57F0C3008D742D /* LocalCacheMutations */,
				789DA5942A57F0C3008D742D /* Operations */,
				789DA5972A57F0C3008D742D /* Schema */,
			);
			path = ApolloCacheGQL;
			sourceTree = "<group>";
		};
		789DA5922A57F0C3008D742D /* LocalCacheMutations */ = {
			isa = PBXGroup;
			children = (
				789DA5932A57F0C3008D742D /* ChildrenFragment.graphql.swift */,
			);
			path = LocalCacheMutations;
			sourceTree = "<group>";
		};
		789DA5942A57F0C3008D742D /* Operations */ = {
			isa = PBXGroup;
			children = (
				789DA5952A57F0C3008D742D /* Queries */,
			);
			path = Operations;
			sourceTree = "<group>";
		};
		789DA5952A57F0C3008D742D /* Queries */ = {
			isa = PBXGroup;
			children = (
				789DA5962A57F0C3008D742D /* GetHeroQuery.graphql.swift */,
			);
			path = Queries;
			sourceTree = "<group>";
		};
		789DA5972A57F0C3008D742D /* Schema */ = {
			isa = PBXGroup;
			children = (
				789DA5982A57F0C3008D742D /* Objects */,
				789DA59C2A57F0C3008D742D /* SchemaConfiguration.swift */,
				789DA59D2A57F0C3008D742D /* SchemaMetadata.graphql.swift */,
			);
			path = Schema;
			sourceTree = "<group>";
		};
		789DA5982A57F0C3008D742D /* Objects */ = {
			isa = PBXGroup;
			children = (
				789DA5992A57F0C3008D742D /* Hero.graphql.swift */,
				789DA59A2A57F0C3008D742D /* Child.graphql.swift */,
				789DA59B2A57F0C3008D742D /* Query.graphql.swift */,
			);
			path = Objects;
			sourceTree = "<group>";
		};
		78D9BDEC2A57E0A8007A55B0 = {
			isa = PBXGroup;
			children = (
				78D9BDF72A57E0A8007A55B0 /* ApolloCacheTest */,
				78D9BE082A57E0AE007A55B0 /* ApolloCacheTestTests */,
				78D9BE122A57E0AE007A55B0 /* ApolloCacheTestUITests */,
				78D9BDF62A57E0A8007A55B0 /* Products */,
				78D9BE652A57EB0F007A55B0 /* Frameworks */,
			);
			sourceTree = "<group>";
		};
		78D9BDF62A57E0A8007A55B0 /* Products */ = {
			isa = PBXGroup;
			children = (
				78D9BDF52A57E0A8007A55B0 /* ApolloCacheTest.app */,
				78D9BE052A57E0AE007A55B0 /* ApolloCacheTestTests.xctest */,
				78D9BE0F2A57E0AE007A55B0 /* ApolloCacheTestUITests.xctest */,
			);
			name = Products;
			sourceTree = "<group>";
		};
		78D9BDF72A57E0A8007A55B0 /* ApolloCacheTest */ = {
			isa = PBXGroup;
			children = (
				78D9BE322A57E798007A55B0 /* schemas */,
				78D9BDF82A57E0A8007A55B0 /* ApolloCacheTestApp.swift */,
				78D9BDFA2A57E0A8007A55B0 /* ContentView.swift */,
				78D9BDFC2A57E0AE007A55B0 /* Assets.xcassets */,
				78D9BDFE2A57E0AE007A55B0 /* Preview Content */,
			);
			path = ApolloCacheTest;
			sourceTree = "<group>";
		};
		78D9BDFE2A57E0AE007A55B0 /* Preview Content */ = {
			isa = PBXGroup;
			children = (
				78D9BDFF2A57E0AE007A55B0 /* Preview Assets.xcassets */,
			);
			path = "Preview Content";
			sourceTree = "<group>";
		};
		78D9BE082A57E0AE007A55B0 /* ApolloCacheTestTests */ = {
			isa = PBXGroup;
			children = (
				78D9BE092A57E0AE007A55B0 /* ApolloCacheTestTests.swift */,
			);
			path = ApolloCacheTestTests;
			sourceTree = "<group>";
		};
		78D9BE122A57E0AE007A55B0 /* ApolloCacheTestUITests */ = {
			isa = PBXGroup;
			children = (
				78D9BE132A57E0AE007A55B0 /* ApolloCacheTestUITests.swift */,
				78D9BE152A57E0AE007A55B0 /* ApolloCacheTestUITestsLaunchTests.swift */,
			);
			path = ApolloCacheTestUITests;
			sourceTree = "<group>";
		};
		78D9BE322A57E798007A55B0 /* schemas */ = {
			isa = PBXGroup;
			children = (
				789DA5782A57EE60008D742D /* ApolloCacheGQL */,
				789DA5762A57EDD6008D742D /* GetHero.graphql */,
			);
			path = schemas;
			sourceTree = "<group>";
		};
		78D9BE652A57EB0F007A55B0 /* Frameworks */ = {
			isa = PBXGroup;
			children = (
			);
			name = Frameworks;
			sourceTree = "<group>";
		};
/* End PBXGroup section */

/* Begin PBXNativeTarget section */
		78D9BDF42A57E0A8007A55B0 /* ApolloCacheTest */ = {
			isa = PBXNativeTarget;
			buildConfigurationList = 78D9BE192A57E0AE007A55B0 /* Build configuration list for PBXNativeTarget "ApolloCacheTest" */;
			buildPhases = (
				78D9BDF12A57E0A8007A55B0 /* Sources */,
				78D9BDF22A57E0A8007A55B0 /* Frameworks */,
				78D9BDF32A57E0A8007A55B0 /* Resources */,
			);
			buildRules = (
			);
			dependencies = (
			);
			name = ApolloCacheTest;
			packageProductDependencies = (
				789DA58F2A57EE9C008D742D /* Apollo */,
			);
			productName = ApolloCacheTest;
			productReference = 78D9BDF52A57E0A8007A55B0 /* ApolloCacheTest.app */;
			productType = "com.apple.product-type.application";
		};
		78D9BE042A57E0AE007A55B0 /* ApolloCacheTestTests */ = {
			isa = PBXNativeTarget;
			buildConfigurationList = 78D9BE1C2A57E0AE007A55B0 /* Build configuration list for PBXNativeTarget "ApolloCacheTestTests" */;
			buildPhases = (
				78D9BE012A57E0AE007A55B0 /* Sources */,
				78D9BE022A57E0AE007A55B0 /* Frameworks */,
				78D9BE032A57E0AE007A55B0 /* Resources */,
			);
			buildRules = (
			);
			dependencies = (
				78D9BE072A57E0AE007A55B0 /* PBXTargetDependency */,
			);
			name = ApolloCacheTestTests;
			productName = ApolloCacheTestTests;
			productReference = 78D9BE052A57E0AE007A55B0 /* ApolloCacheTestTests.xctest */;
			productType = "com.apple.product-type.bundle.unit-test";
		};
		78D9BE0E2A57E0AE007A55B0 /* ApolloCacheTestUITests */ = {
			isa = PBXNativeTarget;
			buildConfigurationList = 78D9BE1F2A57E0AE007A55B0 /* Build configuration list for PBXNativeTarget "ApolloCacheTestUITests" */;
			buildPhases = (
				78D9BE0B2A57E0AE007A55B0 /* Sources */,
				78D9BE0C2A57E0AE007A55B0 /* Frameworks */,
				78D9BE0D2A57E0AE007A55B0 /* Resources */,
			);
			buildRules = (
			);
			dependencies = (
				78D9BE112A57E0AE007A55B0 /* PBXTargetDependency */,
			);
			name = ApolloCacheTestUITests;
			productName = ApolloCacheTestUITests;
			productReference = 78D9BE0F2A57E0AE007A55B0 /* ApolloCacheTestUITests.xctest */;
			productType = "com.apple.product-type.bundle.ui-testing";
		};
/* End PBXNativeTarget section */

/* Begin PBXProject section */
		78D9BDED2A57E0A8007A55B0 /* Project object */ = {
			isa = PBXProject;
			attributes = {
				BuildIndependentTargetsInParallel = 1;
				LastSwiftUpdateCheck = 1430;
				LastUpgradeCheck = 1430;
				TargetAttributes = {
					78D9BDF42A57E0A8007A55B0 = {
						CreatedOnToolsVersion = 14.3.1;
					};
					78D9BE042A57E0AE007A55B0 = {
						CreatedOnToolsVersion = 14.3.1;
						TestTargetID = 78D9BDF42A57E0A8007A55B0;
					};
					78D9BE0E2A57E0AE007A55B0 = {
						CreatedOnToolsVersion = 14.3.1;
						TestTargetID = 78D9BDF42A57E0A8007A55B0;
					};
				};
			};
			buildConfigurationList = 78D9BDF02A57E0A8007A55B0 /* Build configuration list for PBXProject "ApolloCacheTest" */;
			compatibilityVersion = "Xcode 14.0";
			developmentRegion = en;
			hasScannedForEncodings = 0;
			knownRegions = (
				en,
				Base,
			);
			mainGroup = 78D9BDEC2A57E0A8007A55B0;
			packageReferences = (
				789DA58E2A57EE9C008D742D /* XCRemoteSwiftPackageReference "apollo-ios" */,
			);
			productRefGroup = 78D9BDF62A57E0A8007A55B0 /* Products */;
			projectDirPath = "";
			projectRoot = "";
			targets = (
				78D9BDF42A57E0A8007A55B0 /* ApolloCacheTest */,
				78D9BE042A57E0AE007A55B0 /* ApolloCacheTestTests */,
				78D9BE0E2A57E0AE007A55B0 /* ApolloCacheTestUITests */,
			);
		};
/* End PBXProject section */

/* Begin PBXResourcesBuildPhase section */
		78D9BDF32A57E0A8007A55B0 /* Resources */ = {
			isa = PBXResourcesBuildPhase;
			buildActionMask = 2147483647;
			files = (
				78D9BE002A57E0AE007A55B0 /* Preview Assets.xcassets in Resources */,
				789DA5772A57EDD6008D742D /* GetHero.graphql in Resources */,
				78D9BDFD2A57E0AE007A55B0 /* Assets.xcassets in Resources */,
			);
			runOnlyForDeploymentPostprocessing = 0;
		};
		78D9BE032A57E0AE007A55B0 /* Resources */ = {
			isa = PBXResourcesBuildPhase;
			buildActionMask = 2147483647;
			files = (
			);
			runOnlyForDeploymentPostprocessing = 0;
		};
		78D9BE0D2A57E0AE007A55B0 /* Resources */ = {
			isa = PBXResourcesBuildPhase;
			buildActionMask = 2147483647;
			files = (
			);
			runOnlyForDeploymentPostprocessing = 0;
		};
/* End PBXResourcesBuildPhase section */

/* Begin PBXSourcesBuildPhase section */
		78D9BDF12A57E0A8007A55B0 /* Sources */ = {
			isa = PBXSourcesBuildPhase;
			buildActionMask = 2147483647;
			files = (
				78D9BDFB2A57E0A8007A55B0 /* ContentView.swift in Sources */,
				789DA5A32A57F0C3008D742D /* Query.graphql.swift in Sources */,
				789DA59E2A57F0C3008D742D /* ApolloCacheGQL.graphql.swift in Sources */,
				789DA5A02A57F0C3008D742D /* GetHeroQuery.graphql.swift in Sources */,
				78D9BDF92A57E0A8007A55B0 /* ApolloCacheTestApp.swift in Sources */,
				789DA5A12A57F0C3008D742D /* Hero.graphql.swift in Sources */,
				789DA59F2A57F0C3008D742D /* ChildrenFragment.graphql.swift in Sources */,
				789DA5A22A57F0C3008D742D /* Child.graphql.swift in Sources */,
				789DA5A52A57F0C3008D742D /* SchemaMetadata.graphql.swift in Sources */,
				789DA5A42A57F0C3008D742D /* SchemaConfiguration.swift in Sources */,
			);
			runOnlyForDeploymentPostprocessing = 0;
		};
		78D9BE012A57E0AE007A55B0 /* Sources */ = {
			isa = PBXSourcesBuildPhase;
			buildActionMask = 2147483647;
			files = (
				78D9BE0A2A57E0AE007A55B0 /* ApolloCacheTestTests.swift in Sources */,
			);
			runOnlyForDeploymentPostprocessing = 0;
		};
		78D9BE0B2A57E0AE007A55B0 /* Sources */ = {
			isa = PBXSourcesBuildPhase;
			buildActionMask = 2147483647;
			files = (
				78D9BE162A57E0AE007A55B0 /* ApolloCacheTestUITestsLaunchTests.swift in Sources */,
				78D9BE142A57E0AE007A55B0 /* ApolloCacheTestUITests.swift in Sources */,
			);
			runOnlyForDeploymentPostprocessing = 0;
		};
/* End PBXSourcesBuildPhase section */

/* Begin PBXTargetDependency section */
		78D9BE072A57E0AE007A55B0 /* PBXTargetDependency */ = {
			isa = PBXTargetDependency;
			target = 78D9BDF42A57E0A8007A55B0 /* ApolloCacheTest */;
			targetProxy = 78D9BE062A57E0AE007A55B0 /* PBXContainerItemProxy */;
		};
		78D9BE112A57E0AE007A55B0 /* PBXTargetDependency */ = {
			isa = PBXTargetDependency;
			target = 78D9BDF42A57E0A8007A55B0 /* ApolloCacheTest */;
			targetProxy = 78D9BE102A57E0AE007A55B0 /* PBXContainerItemProxy */;
		};
/* End PBXTargetDependency section */

/* Begin XCBuildConfiguration section */
		78D9BE172A57E0AE007A55B0 /* Debug */ = {
			isa = XCBuildConfiguration;
			buildSettings = {
				ALWAYS_SEARCH_USER_PATHS = NO;
				CLANG_ANALYZER_NONNULL = YES;
				CLANG_ANALYZER_NUMBER_OBJECT_CONVERSION = YES_AGGRESSIVE;
				CLANG_CXX_LANGUAGE_STANDARD = "gnu++20";
				CLANG_ENABLE_MODULES = YES;
				CLANG_ENABLE_OBJC_ARC = YES;
				CLANG_ENABLE_OBJC_WEAK = YES;
				CLANG_WARN_BLOCK_CAPTURE_AUTORELEASING = YES;
				CLANG_WARN_BOOL_CONVERSION = YES;
				CLANG_WARN_COMMA = YES;
				CLANG_WARN_CONSTANT_CONVERSION = YES;
				CLANG_WARN_DEPRECATED_OBJC_IMPLEMENTATIONS = YES;
				CLANG_WARN_DIRECT_OBJC_ISA_USAGE = YES_ERROR;
				CLANG_WARN_DOCUMENTATION_COMMENTS = YES;
				CLANG_WARN_EMPTY_BODY = YES;
				CLANG_WARN_ENUM_CONVERSION = YES;
				CLANG_WARN_INFINITE_RECURSION = YES;
				CLANG_WARN_INT_CONVERSION = YES;
				CLANG_WARN_NON_LITERAL_NULL_CONVERSION = YES;
				CLANG_WARN_OBJC_IMPLICIT_RETAIN_SELF = YES;
				CLANG_WARN_OBJC_LITERAL_CONVERSION = YES;
				CLANG_WARN_OBJC_ROOT_CLASS = YES_ERROR;
				CLANG_WARN_QUOTED_INCLUDE_IN_FRAMEWORK_HEADER = YES;
				CLANG_WARN_RANGE_LOOP_ANALYSIS = YES;
				CLANG_WARN_STRICT_PROTOTYPES = YES;
				CLANG_WARN_SUSPICIOUS_MOVE = YES;
				CLANG_WARN_UNGUARDED_AVAILABILITY = YES_AGGRESSIVE;
				CLANG_WARN_UNREACHABLE_CODE = YES;
				CLANG_WARN__DUPLICATE_METHOD_MATCH = YES;
				COPY_PHASE_STRIP = NO;
				DEBUG_INFORMATION_FORMAT = dwarf;
				ENABLE_STRICT_OBJC_MSGSEND = YES;
				ENABLE_TESTABILITY = YES;
				GCC_C_LANGUAGE_STANDARD = gnu11;
				GCC_DYNAMIC_NO_PIC = NO;
				GCC_NO_COMMON_BLOCKS = YES;
				GCC_OPTIMIZATION_LEVEL = 0;
				GCC_PREPROCESSOR_DEFINITIONS = (
					"DEBUG=1",
					"$(inherited)",
				);
				GCC_WARN_64_TO_32_BIT_CONVERSION = YES;
				GCC_WARN_ABOUT_RETURN_TYPE = YES_ERROR;
				GCC_WARN_UNDECLARED_SELECTOR = YES;
				GCC_WARN_UNINITIALIZED_AUTOS = YES_AGGRESSIVE;
				GCC_WARN_UNUSED_FUNCTION = YES;
				GCC_WARN_UNUSED_VARIABLE = YES;
				IPHONEOS_DEPLOYMENT_TARGET = 16.4;
				MTL_ENABLE_DEBUG_INFO = INCLUDE_SOURCE;
				MTL_FAST_MATH = YES;
				ONLY_ACTIVE_ARCH = YES;
				SDKROOT = iphoneos;
				SWIFT_ACTIVE_COMPILATION_CONDITIONS = DEBUG;
				SWIFT_OPTIMIZATION_LEVEL = "-Onone";
			};
			name = Debug;
		};
		78D9BE182A57E0AE007A55B0 /* Release */ = {
			isa = XCBuildConfiguration;
			buildSettings = {
				ALWAYS_SEARCH_USER_PATHS = NO;
				CLANG_ANALYZER_NONNULL = YES;
				CLANG_ANALYZER_NUMBER_OBJECT_CONVERSION = YES_AGGRESSIVE;
				CLANG_CXX_LANGUAGE_STANDARD = "gnu++20";
				CLANG_ENABLE_MODULES = YES;
				CLANG_ENABLE_OBJC_ARC = YES;
				CLANG_ENABLE_OBJC_WEAK = YES;
				CLANG_WARN_BLOCK_CAPTURE_AUTORELEASING = YES;
				CLANG_WARN_BOOL_CONVERSION = YES;
				CLANG_WARN_COMMA = YES;
				CLANG_WARN_CONSTANT_CONVERSION = YES;
				CLANG_WARN_DEPRECATED_OBJC_IMPLEMENTATIONS = YES;
				CLANG_WARN_DIRECT_OBJC_ISA_USAGE = YES_ERROR;
				CLANG_WARN_DOCUMENTATION_COMMENTS = YES;
				CLANG_WARN_EMPTY_BODY = YES;
				CLANG_WARN_ENUM_CONVERSION = YES;
				CLANG_WARN_INFINITE_RECURSION = YES;
				CLANG_WARN_INT_CONVERSION = YES;
				CLANG_WARN_NON_LITERAL_NULL_CONVERSION = YES;
				CLANG_WARN_OBJC_IMPLICIT_RETAIN_SELF = YES;
				CLANG_WARN_OBJC_LITERAL_CONVERSION = YES;
				CLANG_WARN_OBJC_ROOT_CLASS = YES_ERROR;
				CLANG_WARN_QUOTED_INCLUDE_IN_FRAMEWORK_HEADER = YES;
				CLANG_WARN_RANGE_LOOP_ANALYSIS = YES;
				CLANG_WARN_STRICT_PROTOTYPES = YES;
				CLANG_WARN_SUSPICIOUS_MOVE = YES;
				CLANG_WARN_UNGUARDED_AVAILABILITY = YES_AGGRESSIVE;
				CLANG_WARN_UNREACHABLE_CODE = YES;
				CLANG_WARN__DUPLICATE_METHOD_MATCH = YES;
				COPY_PHASE_STRIP = NO;
				DEBUG_INFORMATION_FORMAT = "dwarf-with-dsym";
				ENABLE_NS_ASSERTIONS = NO;
				ENABLE_STRICT_OBJC_MSGSEND = YES;
				GCC_C_LANGUAGE_STANDARD = gnu11;
				GCC_NO_COMMON_BLOCKS = YES;
				GCC_WARN_64_TO_32_BIT_CONVERSION = YES;
				GCC_WARN_ABOUT_RETURN_TYPE = YES_ERROR;
				GCC_WARN_UNDECLARED_SELECTOR = YES;
				GCC_WARN_UNINITIALIZED_AUTOS = YES_AGGRESSIVE;
				GCC_WARN_UNUSED_FUNCTION = YES;
				GCC_WARN_UNUSED_VARIABLE = YES;
				IPHONEOS_DEPLOYMENT_TARGET = 16.4;
				MTL_ENABLE_DEBUG_INFO = NO;
				MTL_FAST_MATH = YES;
				SDKROOT = iphoneos;
				SWIFT_COMPILATION_MODE = wholemodule;
				SWIFT_OPTIMIZATION_LEVEL = "-O";
				VALIDATE_PRODUCT = YES;
			};
			name = Release;
		};
		78D9BE1A2A57E0AE007A55B0 /* Debug */ = {
			isa = XCBuildConfiguration;
			buildSettings = {
				ASSETCATALOG_COMPILER_APPICON_NAME = AppIcon;
				ASSETCATALOG_COMPILER_GLOBAL_ACCENT_COLOR_NAME = AccentColor;
				CODE_SIGN_STYLE = Automatic;
				CURRENT_PROJECT_VERSION = 1;
				DEVELOPMENT_ASSET_PATHS = "\"ApolloCacheTest/Preview Content\"";
				DEVELOPMENT_TEAM = R2CTR74H64;
				ENABLE_PREVIEWS = YES;
				GENERATE_INFOPLIST_FILE = YES;
				INFOPLIST_KEY_UIApplicationSceneManifest_Generation = YES;
				INFOPLIST_KEY_UIApplicationSupportsIndirectInputEvents = YES;
				INFOPLIST_KEY_UILaunchScreen_Generation = YES;
				INFOPLIST_KEY_UISupportedInterfaceOrientations_iPad = "UIInterfaceOrientationPortrait UIInterfaceOrientationPortraitUpsideDown UIInterfaceOrientationLandscapeLeft UIInterfaceOrientationLandscapeRight";
				INFOPLIST_KEY_UISupportedInterfaceOrientations_iPhone = "UIInterfaceOrientationPortrait UIInterfaceOrientationLandscapeLeft UIInterfaceOrientationLandscapeRight";
				LD_RUNPATH_SEARCH_PATHS = (
					"$(inherited)",
					"@executable_path/Frameworks",
				);
				MARKETING_VERSION = 1.0;
				PRODUCT_BUNDLE_IDENTIFIER = com.test.accessibility.ApolloCacheTest;
				PRODUCT_NAME = "$(TARGET_NAME)";
				SWIFT_EMIT_LOC_STRINGS = YES;
				SWIFT_VERSION = 5.0;
				TARGETED_DEVICE_FAMILY = "1,2";
			};
			name = Debug;
		};
		78D9BE1B2A57E0AE007A55B0 /* Release */ = {
			isa = XCBuildConfiguration;
			buildSettings = {
				ASSETCATALOG_COMPILER_APPICON_NAME = AppIcon;
				ASSETCATALOG_COMPILER_GLOBAL_ACCENT_COLOR_NAME = AccentColor;
				CODE_SIGN_STYLE = Automatic;
				CURRENT_PROJECT_VERSION = 1;
				DEVELOPMENT_ASSET_PATHS = "\"ApolloCacheTest/Preview Content\"";
				DEVELOPMENT_TEAM = R2CTR74H64;
				ENABLE_PREVIEWS = YES;
				GENERATE_INFOPLIST_FILE = YES;
				INFOPLIST_KEY_UIApplicationSceneManifest_Generation = YES;
				INFOPLIST_KEY_UIApplicationSupportsIndirectInputEvents = YES;
				INFOPLIST_KEY_UILaunchScreen_Generation = YES;
				INFOPLIST_KEY_UISupportedInterfaceOrientations_iPad = "UIInterfaceOrientationPortrait UIInterfaceOrientationPortraitUpsideDown UIInterfaceOrientationLandscapeLeft UIInterfaceOrientationLandscapeRight";
				INFOPLIST_KEY_UISupportedInterfaceOrientations_iPhone = "UIInterfaceOrientationPortrait UIInterfaceOrientationLandscapeLeft UIInterfaceOrientationLandscapeRight";
				LD_RUNPATH_SEARCH_PATHS = (
					"$(inherited)",
					"@executable_path/Frameworks",
				);
				MARKETING_VERSION = 1.0;
				PRODUCT_BUNDLE_IDENTIFIER = com.test.accessibility.ApolloCacheTest;
				PRODUCT_NAME = "$(TARGET_NAME)";
				SWIFT_EMIT_LOC_STRINGS = YES;
				SWIFT_VERSION = 5.0;
				TARGETED_DEVICE_FAMILY = "1,2";
			};
			name = Release;
		};
		78D9BE1D2A57E0AE007A55B0 /* Debug */ = {
			isa = XCBuildConfiguration;
			buildSettings = {
				ALWAYS_EMBED_SWIFT_STANDARD_LIBRARIES = YES;
				BUNDLE_LOADER = "$(TEST_HOST)";
				CODE_SIGN_STYLE = Automatic;
				CURRENT_PROJECT_VERSION = 1;
				DEVELOPMENT_TEAM = R2CTR74H64;
				GENERATE_INFOPLIST_FILE = YES;
				IPHONEOS_DEPLOYMENT_TARGET = 16.4;
				MARKETING_VERSION = 1.0;
				PRODUCT_BUNDLE_IDENTIFIER = com.test.accessibility.ApolloCacheTestTests;
				PRODUCT_NAME = "$(TARGET_NAME)";
				SWIFT_EMIT_LOC_STRINGS = NO;
				SWIFT_VERSION = 5.0;
				TARGETED_DEVICE_FAMILY = "1,2";
				TEST_HOST = "$(BUILT_PRODUCTS_DIR)/ApolloCacheTest.app/$(BUNDLE_EXECUTABLE_FOLDER_PATH)/ApolloCacheTest";
			};
			name = Debug;
		};
		78D9BE1E2A57E0AE007A55B0 /* Release */ = {
			isa = XCBuildConfiguration;
			buildSettings = {
				ALWAYS_EMBED_SWIFT_STANDARD_LIBRARIES = YES;
				BUNDLE_LOADER = "$(TEST_HOST)";
				CODE_SIGN_STYLE = Automatic;
				CURRENT_PROJECT_VERSION = 1;
				DEVELOPMENT_TEAM = R2CTR74H64;
				GENERATE_INFOPLIST_FILE = YES;
				IPHONEOS_DEPLOYMENT_TARGET = 16.4;
				MARKETING_VERSION = 1.0;
				PRODUCT_BUNDLE_IDENTIFIER = com.test.accessibility.ApolloCacheTestTests;
				PRODUCT_NAME = "$(TARGET_NAME)";
				SWIFT_EMIT_LOC_STRINGS = NO;
				SWIFT_VERSION = 5.0;
				TARGETED_DEVICE_FAMILY = "1,2";
				TEST_HOST = "$(BUILT_PRODUCTS_DIR)/ApolloCacheTest.app/$(BUNDLE_EXECUTABLE_FOLDER_PATH)/ApolloCacheTest";
			};
			name = Release;
		};
		78D9BE202A57E0AE007A55B0 /* Debug */ = {
			isa = XCBuildConfiguration;
			buildSettings = {
				ALWAYS_EMBED_SWIFT_STANDARD_LIBRARIES = YES;
				CODE_SIGN_STYLE = Automatic;
				CURRENT_PROJECT_VERSION = 1;
				DEVELOPMENT_TEAM = R2CTR74H64;
				GENERATE_INFOPLIST_FILE = YES;
				MARKETING_VERSION = 1.0;
				PRODUCT_BUNDLE_IDENTIFIER = com.test.accessibility.ApolloCacheTestUITests;
				PRODUCT_NAME = "$(TARGET_NAME)";
				SWIFT_EMIT_LOC_STRINGS = NO;
				SWIFT_VERSION = 5.0;
				TARGETED_DEVICE_FAMILY = "1,2";
				TEST_TARGET_NAME = ApolloCacheTest;
			};
			name = Debug;
		};
		78D9BE212A57E0AE007A55B0 /* Release */ = {
			isa = XCBuildConfiguration;
			buildSettings = {
				ALWAYS_EMBED_SWIFT_STANDARD_LIBRARIES = YES;
				CODE_SIGN_STYLE = Automatic;
				CURRENT_PROJECT_VERSION = 1;
				DEVELOPMENT_TEAM = R2CTR74H64;
				GENERATE_INFOPLIST_FILE = YES;
				MARKETING_VERSION = 1.0;
				PRODUCT_BUNDLE_IDENTIFIER = com.test.accessibility.ApolloCacheTestUITests;
				PRODUCT_NAME = "$(TARGET_NAME)";
				SWIFT_EMIT_LOC_STRINGS = NO;
				SWIFT_VERSION = 5.0;
				TARGETED_DEVICE_FAMILY = "1,2";
				TEST_TARGET_NAME = ApolloCacheTest;
			};
			name = Release;
		};
/* End XCBuildConfiguration section */

/* Begin XCConfigurationList section */
		78D9BDF02A57E0A8007A55B0 /* Build configuration list for PBXProject "ApolloCacheTest" */ = {
			isa = XCConfigurationList;
			buildConfigurations = (
				78D9BE172A57E0AE007A55B0 /* Debug */,
				78D9BE182A57E0AE007A55B0 /* Release */,
			);
			defaultConfigurationIsVisible = 0;
			defaultConfigurationName = Release;
		};
		78D9BE192A57E0AE007A55B0 /* Build configuration list for PBXNativeTarget "ApolloCacheTest" */ = {
			isa = XCConfigurationList;
			buildConfigurations = (
				78D9BE1A2A57E0AE007A55B0 /* Debug */,
				78D9BE1B2A57E0AE007A55B0 /* Release */,
			);
			defaultConfigurationIsVisible = 0;
			defaultConfigurationName = Release;
		};
		78D9BE1C2A57E0AE007A55B0 /* Build configuration list for PBXNativeTarget "ApolloCacheTestTests" */ = {
			isa = XCConfigurationList;
			buildConfigurations = (
				78D9BE1D2A57E0AE007A55B0 /* Debug */,
				78D9BE1E2A57E0AE007A55B0 /* Release */,
			);
			defaultConfigurationIsVisible = 0;
			defaultConfigurationName = Release;
		};
		78D9BE1F2A57E0AE007A55B0 /* Build configuration list for PBXNativeTarget "ApolloCacheTestUITests" */ = {
			isa = XCConfigurationList;
			buildConfigurations = (
				78D9BE202A57E0AE007A55B0 /* Debug */,
				78D9BE212A57E0AE007A55B0 /* Release */,
			);
			defaultConfigurationIsVisible = 0;
			defaultConfigurationName = Release;
		};
/* End XCConfigurationList section */

/* Begin XCRemoteSwiftPackageReference section */
		789DA58E2A57EE9C008D742D /* XCRemoteSwiftPackageReference "apollo-ios" */ = {
			isa = XCRemoteSwiftPackageReference;
			repositoryURL = "https://github.com/apollographql/apollo-ios";
			requirement = {
				kind = upToNextMajorVersion;
				minimumVersion = 1.0.0;
			};
		};
/* End XCRemoteSwiftPackageReference section */

/* Begin XCSwiftPackageProductDependency section */
		789DA58F2A57EE9C008D742D /* Apollo */ = {
			isa = XCSwiftPackageProductDependency;
			package = 789DA58E2A57EE9C008D742D /* XCRemoteSwiftPackageReference "apollo-ios" */;
			productName = Apollo;
		};
/* End XCSwiftPackageProductDependency section */
	};
	rootObject = 78D9BDED2A57E0A8007A55B0 /* Project object */;
}
